
Microsoft Visual Studio Solution File, Format Version 12.00
# Visual Studio Version 16
VisualStudioVersion = 16.0.30717.126
MinimumVisualStudioVersion = 10.0.40219.1
Project("{FAE04EC0-301F-11D3-BF4B-00C04F79EFBC}") = "RazorWebPagesApp", "RazorWebPagesApp.csproj", "{6476C890-3E21-40BB-86A5-A972BC0AF7FD}"
EndProject
Project("{2150E333-8FDC-42A3-9474-1A3956D46DE8}") = "Solution Items", "Solution Items", "{8C99329A-8898-4207-8C4D-19ABA124452D}"
	ProjectSection(SolutionItems) = preProject
		.editorconfig = .editorconfig
	EndProjectSection
EndProject
Global
	GlobalSection(SolutionConfigurationPlatforms) = preSolution
		Debug|Any CPU = Debug|Any CPU
		Release|Any CPU = Release|Any CPU
	EndGlobalSection
	GlobalSection(ProjectConfigurationPlatforms) = postSolution
		{6476C890-3E21-40BB-86A5-A972BC0AF7FD}.Debug|Any CPU.ActiveCfg = Debug|Any CPU
		{6476C890-3E21-40BB-86A5-A972BC0AF7FD}.Debug|Any CPU.Build.0 = Debug|Any CPU
		{6476C890-3E21-40BB-86A5-A972BC0AF7FD}.Release|Any CPU.ActiveCfg = Release|Any CPU
		{6476C890-3E21-40BB-86A5-A972BC0AF7FD}.Release|Any CPU.Build.0 = Release|Any CPU
	EndGlobalSection
	GlobalSection(SolutionProperties) = preSolution
		HideSolutionNode = FALSE
	EndGlobalSection
	GlobalSection(ExtensibilityGlobals) = postSolution
		SolutionGuid = {56D1253D-6924-4187-B4B6-85A05D4E0FD2}
	EndGlobalSection
EndGlobal
